
Microsoft Visual Studio Solution File, Format Version 12.00
# Visual Studio Version 17
VisualStudioVersion = 17.13.35931.197
MinimumVisualStudioVersion = 10.0.40219.1
Project("{FAE04EC0-301F-11D3-BF4B-00C04F79EFBC}") = "Maraudr.Stock.Endpoints", "Modules\Maraudr.Stock\Maraudr.Stock.Endpoints\Maraudr.Stock.Endpoints.csproj", "{1A573B0B-A7AE-1DF3-982C-59640782472E}"
EndProject
Project("{FAE04EC0-301F-11D3-BF4B-00C04F79EFBC}") = "Maraudr.Stock.Application", "Modules\Maraudr.Stock\Maraudr.Stock.Application\Maraudr.Stock.Application.csproj", "{B39FFD5D-7BA7-18F0-8AFB-86C2EC6F1183}"
EndProject
Project("{FAE04EC0-301F-11D3-BF4B-00C04F79EFBC}") = "Maraudr.Stock.Domain", "Modules\Maraudr.Stock\Maraudr.Stock.Domain\Maraudr.Stock.Domain.csproj", "{6181A16F-1E35-2B27-3058-DE8C804591A9}"
EndProject
Project("{FAE04EC0-301F-11D3-BF4B-00C04F79EFBC}") = "Maraudr.Stock.Infrastructure", "Modules\Maraudr.Stock\Maraudr.Stock.Infrastructure\Maraudr.Stock.Infrastructure.csproj", "{9B5363B6-1C46-C99C-84AD-44BC42178D56}"
EndProject
Project("{2150E333-8FDC-42A3-9474-1A3956D46DE8}") = "Stock", "Stock", "{02EA681E-C7D8-13C7-8484-4AC65E1B71E8}"
EndProject
Project("{2150E333-8FDC-42A3-9474-1A3956D46DE8}") = "User", "User", "{536B076D-5EAD-4314-BCDC-99EC5C78D6B1}"
EndProject
Project("{FAE04EC0-301F-11D3-BF4B-00C04F79EFBC}") = "Maraudr.Stock.Domain.Tests", "Modules\Maraudr.Stock\tests\Maraudr.Stock.Domain.Tests\Maraudr.Stock.Domain.Tests.csproj", "{17CA8FD6-C371-031E-157F-500CB8B611FB}"
EndProject
Project("{2150E333-8FDC-42A3-9474-1A3956D46DE8}") = "tests", "tests", "{5E8D19E7-132F-498A-9209-6BDFD0FC6B60}"
EndProject
Project("{FAE04EC0-301F-11D3-BF4B-00C04F79EFBC}") = "Maraudr.User.Application", "Modules\Maraudr.User\Maraudr.User.Application\Maraudr.User.Application.csproj", "{27C9E660-ABE0-4577-B636-C90F3408801B}"
EndProject
Project("{FAE04EC0-301F-11D3-BF4B-00C04F79EFBC}") = "Maraudr.User.Domain", "Modules\Maraudr.User\Maraudr.User.Domain\Maraudr.User.Domain.csproj", "{3D6357B4-FC6B-4BD4-B20D-70D2496F3F40}"
EndProject
Project("{FAE04EC0-301F-11D3-BF4B-00C04F79EFBC}") = "Maraudr.User.Infrastructure", "Modules\Maraudr.User\Maraudr.User.Infrastructure\Maraudr.User.Infrastructure.csproj", "{09DDD975-D4C7-4C20-8E65-E12780961B25}"
EndProject
Project("{FAE04EC0-301F-11D3-BF4B-00C04F79EFBC}") = "Maraudr.User.Endpoints", "Modules\Maraudr.User\Maraudr.User.Endpoints\Maraudr.User.Endpoints\Maraudr.User.Endpoints.csproj", "{CB4B6C9B-72E2-4B05-A0AB-5D12A64A1A51}"
EndProject
Project("{2150E333-8FDC-42A3-9474-1A3956D46DE8}") = "Associations", "Associations", "{ED99F4E3-57F0-4996-8536-902FE7C555B3}"
EndProject
Project("{FAE04EC0-301F-11D3-BF4B-00C04F79EFBC}") = "Maraudr.Associations.Domain", "Modules\Maraudr.Association\Maraudr.Associations.Domain\Maraudr.Associations.Domain.csproj", "{54471F55-DDD7-4D31-82D3-BE2121ACBF6A}"
EndProject
Project("{2150E333-8FDC-42A3-9474-1A3956D46DE8}") = "tests", "tests", "{82315818-9B87-47FD-869B-87FACD7F0E98}"
EndProject
Project("{FAE04EC0-301F-11D3-BF4B-00C04F79EFBC}") = "Maraudr.Association.Domain.Tests", "Modules\Maraudr.Association\tests\Maraudr.Association.Domain.Tests\Maraudr.Association.Domain.Tests.csproj", "{E2286484-D1A2-43DC-95C2-A24578E9B818}"
EndProject
Project("{FAE04EC0-301F-11D3-BF4B-00C04F79EFBC}") = "Maraudr.Associations.Infrastructure", "Modules\Maraudr.Association\Maraudr.Associations.Infrastructure\Maraudr.Associations.Infrastructure.csproj", "{B3220560-3795-4734-B99E-F7FDECBF2EFC}"
EndProject
Project("{FAE04EC0-301F-11D3-BF4B-00C04F79EFBC}") = "Maraudr.Associations.Application", "Modules\Maraudr.Association\Maraudr.Associations.Application\Maraudr.Associations.Application.csproj", "{D9B90B63-BCA1-4AF1-9C90-6F448FB8C5EB}"
EndProject
Project("{FAE04EC0-301F-11D3-BF4B-00C04F79EFBC}") = "Maraudr.Associations.Endpoints", "Modules\Maraudr.Association\Maraudr.Associations.Endpoints\Maraudr.Associations.Endpoints.csproj", "{84F747DA-0AB7-459A-8FC1-F4573F6399FD}"
EndProject
Project("{2150E333-8FDC-42A3-9474-1A3956D46DE8}") = "EmailSender", "EmailSender", "{DA41BF2E-1F07-4DBD-822B-24CFFA1F4104}"
EndProject
Project("{FAE04EC0-301F-11D3-BF4B-00C04F79EFBC}") = "Maraudr.EmailSender.Application", "Modules\Maraudr.EmailSender\Maraudr.EmailSender.Application\Maraudr.EmailSender.Application.csproj", "{03A6C491-4643-4715-8FB0-8D3BBEB4BD8A}"
EndProject
Project("{FAE04EC0-301F-11D3-BF4B-00C04F79EFBC}") = "Maraudr.EmailSender.Endpoints", "Modules\Maraudr.EmailSender\Maraudr.EmailSender.Endpoints\Maraudr.EmailSender.Endpoints.csproj", "{57D92403-96E8-4668-A985-A95EF9943EA6}"
EndProject
Project("{FAE04EC0-301F-11D3-BF4B-00C04F79EFBC}") = "Maraudr.EmailSender.Infrastructure", "Modules\Maraudr.EmailSender\Maraudr.EmailSender.Infrastructure\Maraudr.EmailSender.Infrastructure.csproj", "{6E6C9E61-00CC-4C8E-8954-4F85E36A811B}"
EndProject
Project("{2150E333-8FDC-42A3-9474-1A3956D46DE8}") = "Geo", "Geo", "{D00280FC-F6DD-458A-A9C0-A41FB631B57D}"
EndProject
Project("{FAE04EC0-301F-11D3-BF4B-00C04F79EFBC}") = "Maraudr.Geo.Endpoints", "Modules\Maraudr.Geo\Maraudr.Geo.Endpoints\Maraudr.Geo.Endpoints.csproj", "{7E3973B9-6435-4B06-AE32-C8048BD2BC5C}"
EndProject
Project("{FAE04EC0-301F-11D3-BF4B-00C04F79EFBC}") = "Maraudr.Geo.Domain", "Modules\Maraudr.Geo\Maraudr.Geo.Domain\Maraudr.Geo.Domain.csproj", "{7B7F0ABF-9C49-47E5-8E45-9F1C25EF8E86}"
EndProject
Project("{FAE04EC0-301F-11D3-BF4B-00C04F79EFBC}") = "Maraudr.Geo.Application", "Modules\Maraudr.Geo\Maraudr.Geo.Application\Maraudr.Geo.Application.csproj", "{82FE4618-2B64-4A97-9BEB-1C194BA245E3}"
EndProject
Project("{FAE04EC0-301F-11D3-BF4B-00C04F79EFBC}") = "Maraudr.Geo.Infrastructure", "Modules\Maraudr.Geo\Maraudr.Geo.Infrastructure\Maraudr.Geo.Infrastructure.csproj", "{5A9FF144-23E2-463F-AF8A-4EDFAB82C7CE}"
EndProject
Project("{2150E333-8FDC-42A3-9474-1A3956D46DE8}") = "MCP", "MCP", "{9EDB9FDE-5356-472A-8930-6328425D72DD}"
EndProject
Project("{FAE04EC0-301F-11D3-BF4B-00C04F79EFBC}") = "McpServer", "Modules\Maraudr.MCP\McpServer\McpServer.csproj", "{30DE4054-42F9-4C58-9D01-CBA0D46A164B}"
EndProject
Global
	GlobalSection(SolutionConfigurationPlatforms) = preSolution
		Debug|Any CPU = Debug|Any CPU
		Release|Any CPU = Release|Any CPU
	EndGlobalSection
	GlobalSection(ProjectConfigurationPlatforms) = postSolution
		{1A573B0B-A7AE-1DF3-982C-59640782472E}.Debug|Any CPU.ActiveCfg = Debug|Any CPU
		{1A573B0B-A7AE-1DF3-982C-59640782472E}.Debug|Any CPU.Build.0 = Debug|Any CPU
		{1A573B0B-A7AE-1DF3-982C-59640782472E}.Release|Any CPU.ActiveCfg = Release|Any CPU
		{1A573B0B-A7AE-1DF3-982C-59640782472E}.Release|Any CPU.Build.0 = Release|Any CPU
		{B39FFD5D-7BA7-18F0-8AFB-86C2EC6F1183}.Debug|Any CPU.ActiveCfg = Debug|Any CPU
		{B39FFD5D-7BA7-18F0-8AFB-86C2EC6F1183}.Debug|Any CPU.Build.0 = Debug|Any CPU
		{B39FFD5D-7BA7-18F0-8AFB-86C2EC6F1183}.Release|Any CPU.ActiveCfg = Release|Any CPU
		{B39FFD5D-7BA7-18F0-8AFB-86C2EC6F1183}.Release|Any CPU.Build.0 = Release|Any CPU
		{6181A16F-1E35-2B27-3058-DE8C804591A9}.Debug|Any CPU.ActiveCfg = Debug|Any CPU
		{6181A16F-1E35-2B27-3058-DE8C804591A9}.Debug|Any CPU.Build.0 = Debug|Any CPU
		{6181A16F-1E35-2B27-3058-DE8C804591A9}.Release|Any CPU.ActiveCfg = Release|Any CPU
		{6181A16F-1E35-2B27-3058-DE8C804591A9}.Release|Any CPU.Build.0 = Release|Any CPU
		{9B5363B6-1C46-C99C-84AD-44BC42178D56}.Debug|Any CPU.ActiveCfg = Debug|Any CPU
		{9B5363B6-1C46-C99C-84AD-44BC42178D56}.Debug|Any CPU.Build.0 = Debug|Any CPU
		{9B5363B6-1C46-C99C-84AD-44BC42178D56}.Release|Any CPU.ActiveCfg = Release|Any CPU
		{9B5363B6-1C46-C99C-84AD-44BC42178D56}.Release|Any CPU.Build.0 = Release|Any CPU
		{17CA8FD6-C371-031E-157F-500CB8B611FB}.Debug|Any CPU.ActiveCfg = Debug|Any CPU
		{17CA8FD6-C371-031E-157F-500CB8B611FB}.Debug|Any CPU.Build.0 = Debug|Any CPU
		{17CA8FD6-C371-031E-157F-500CB8B611FB}.Release|Any CPU.ActiveCfg = Release|Any CPU
		{17CA8FD6-C371-031E-157F-500CB8B611FB}.Release|Any CPU.Build.0 = Release|Any CPU
		{27C9E660-ABE0-4577-B636-C90F3408801B}.Debug|Any CPU.ActiveCfg = Debug|Any CPU
		{27C9E660-ABE0-4577-B636-C90F3408801B}.Debug|Any CPU.Build.0 = Debug|Any CPU
		{27C9E660-ABE0-4577-B636-C90F3408801B}.Release|Any CPU.ActiveCfg = Release|Any CPU
		{27C9E660-ABE0-4577-B636-C90F3408801B}.Release|Any CPU.Build.0 = Release|Any CPU
		{3D6357B4-FC6B-4BD4-B20D-70D2496F3F40}.Debug|Any CPU.ActiveCfg = Debug|Any CPU
		{3D6357B4-FC6B-4BD4-B20D-70D2496F3F40}.Debug|Any CPU.Build.0 = Debug|Any CPU
		{3D6357B4-FC6B-4BD4-B20D-70D2496F3F40}.Release|Any CPU.ActiveCfg = Release|Any CPU
		{3D6357B4-FC6B-4BD4-B20D-70D2496F3F40}.Release|Any CPU.Build.0 = Release|Any CPU
		{09DDD975-D4C7-4C20-8E65-E12780961B25}.Debug|Any CPU.ActiveCfg = Debug|Any CPU
		{09DDD975-D4C7-4C20-8E65-E12780961B25}.Debug|Any CPU.Build.0 = Debug|Any CPU
		{09DDD975-D4C7-4C20-8E65-E12780961B25}.Release|Any CPU.ActiveCfg = Release|Any CPU
		{09DDD975-D4C7-4C20-8E65-E12780961B25}.Release|Any CPU.Build.0 = Release|Any CPU
		{CB4B6C9B-72E2-4B05-A0AB-5D12A64A1A51}.Debug|Any CPU.ActiveCfg = Debug|Any CPU
		{CB4B6C9B-72E2-4B05-A0AB-5D12A64A1A51}.Debug|Any CPU.Build.0 = Debug|Any CPU
		{CB4B6C9B-72E2-4B05-A0AB-5D12A64A1A51}.Release|Any CPU.ActiveCfg = Release|Any CPU
		{CB4B6C9B-72E2-4B05-A0AB-5D12A64A1A51}.Release|Any CPU.Build.0 = Release|Any CPU
		{54471F55-DDD7-4D31-82D3-BE2121ACBF6A}.Debug|Any CPU.ActiveCfg = Debug|Any CPU
		{54471F55-DDD7-4D31-82D3-BE2121ACBF6A}.Debug|Any CPU.Build.0 = Debug|Any CPU
		{54471F55-DDD7-4D31-82D3-BE2121ACBF6A}.Release|Any CPU.ActiveCfg = Release|Any CPU
		{54471F55-DDD7-4D31-82D3-BE2121ACBF6A}.Release|Any CPU.Build.0 = Release|Any CPU
		{E2286484-D1A2-43DC-95C2-A24578E9B818}.Debug|Any CPU.ActiveCfg = Debug|Any CPU
		{E2286484-D1A2-43DC-95C2-A24578E9B818}.Debug|Any CPU.Build.0 = Debug|Any CPU
		{E2286484-D1A2-43DC-95C2-A24578E9B818}.Release|Any CPU.ActiveCfg = Release|Any CPU
		{E2286484-D1A2-43DC-95C2-A24578E9B818}.Release|Any CPU.Build.0 = Release|Any CPU
		{B3220560-3795-4734-B99E-F7FDECBF2EFC}.Debug|Any CPU.ActiveCfg = Debug|Any CPU
		{B3220560-3795-4734-B99E-F7FDECBF2EFC}.Debug|Any CPU.Build.0 = Debug|Any CPU
		{B3220560-3795-4734-B99E-F7FDECBF2EFC}.Release|Any CPU.ActiveCfg = Release|Any CPU
		{B3220560-3795-4734-B99E-F7FDECBF2EFC}.Release|Any CPU.Build.0 = Release|Any CPU
		{D9B90B63-BCA1-4AF1-9C90-6F448FB8C5EB}.Debug|Any CPU.ActiveCfg = Debug|Any CPU
		{D9B90B63-BCA1-4AF1-9C90-6F448FB8C5EB}.Debug|Any CPU.Build.0 = Debug|Any CPU
		{D9B90B63-BCA1-4AF1-9C90-6F448FB8C5EB}.Release|Any CPU.ActiveCfg = Release|Any CPU
		{D9B90B63-BCA1-4AF1-9C90-6F448FB8C5EB}.Release|Any CPU.Build.0 = Release|Any CPU
		{84F747DA-0AB7-459A-8FC1-F4573F6399FD}.Debug|Any CPU.ActiveCfg = Debug|Any CPU
		{84F747DA-0AB7-459A-8FC1-F4573F6399FD}.Debug|Any CPU.Build.0 = Debug|Any CPU
		{84F747DA-0AB7-459A-8FC1-F4573F6399FD}.Release|Any CPU.ActiveCfg = Release|Any CPU
		{84F747DA-0AB7-459A-8FC1-F4573F6399FD}.Release|Any CPU.Build.0 = Release|Any CPU
		{03A6C491-4643-4715-8FB0-8D3BBEB4BD8A}.Debug|Any CPU.ActiveCfg = Debug|Any CPU
		{03A6C491-4643-4715-8FB0-8D3BBEB4BD8A}.Debug|Any CPU.Build.0 = Debug|Any CPU
		{03A6C491-4643-4715-8FB0-8D3BBEB4BD8A}.Release|Any CPU.ActiveCfg = Release|Any CPU
		{03A6C491-4643-4715-8FB0-8D3BBEB4BD8A}.Release|Any CPU.Build.0 = Release|Any CPU
		{57D92403-96E8-4668-A985-A95EF9943EA6}.Debug|Any CPU.ActiveCfg = Debug|Any CPU
		{57D92403-96E8-4668-A985-A95EF9943EA6}.Debug|Any CPU.Build.0 = Debug|Any CPU
		{57D92403-96E8-4668-A985-A95EF9943EA6}.Release|Any CPU.ActiveCfg = Release|Any CPU
		{57D92403-96E8-4668-A985-A95EF9943EA6}.Release|Any CPU.Build.0 = Release|Any CPU
		{6E6C9E61-00CC-4C8E-8954-4F85E36A811B}.Debug|Any CPU.ActiveCfg = Debug|Any CPU
		{6E6C9E61-00CC-4C8E-8954-4F85E36A811B}.Debug|Any CPU.Build.0 = Debug|Any CPU
		{6E6C9E61-00CC-4C8E-8954-4F85E36A811B}.Release|Any CPU.ActiveCfg = Release|Any CPU
		{6E6C9E61-00CC-4C8E-8954-4F85E36A811B}.Release|Any CPU.Build.0 = Release|Any CPU
		{7E3973B9-6435-4B06-AE32-C8048BD2BC5C}.Debug|Any CPU.ActiveCfg = Debug|Any CPU
		{7E3973B9-6435-4B06-AE32-C8048BD2BC5C}.Debug|Any CPU.Build.0 = Debug|Any CPU
		{7E3973B9-6435-4B06-AE32-C8048BD2BC5C}.Release|Any CPU.ActiveCfg = Release|Any CPU
		{7E3973B9-6435-4B06-AE32-C8048BD2BC5C}.Release|Any CPU.Build.0 = Release|Any CPU
		{7B7F0ABF-9C49-47E5-8E45-9F1C25EF8E86}.Debug|Any CPU.ActiveCfg = Debug|Any CPU
		{7B7F0ABF-9C49-47E5-8E45-9F1C25EF8E86}.Debug|Any CPU.Build.0 = Debug|Any CPU
		{7B7F0ABF-9C49-47E5-8E45-9F1C25EF8E86}.Release|Any CPU.ActiveCfg = Release|Any CPU
		{7B7F0ABF-9C49-47E5-8E45-9F1C25EF8E86}.Release|Any CPU.Build.0 = Release|Any CPU
		{82FE4618-2B64-4A97-9BEB-1C194BA245E3}.Debug|Any CPU.ActiveCfg = Debug|Any CPU
		{82FE4618-2B64-4A97-9BEB-1C194BA245E3}.Debug|Any CPU.Build.0 = Debug|Any CPU
		{82FE4618-2B64-4A97-9BEB-1C194BA245E3}.Release|Any CPU.ActiveCfg = Release|Any CPU
		{82FE4618-2B64-4A97-9BEB-1C194BA245E3}.Release|Any CPU.Build.0 = Release|Any CPU
		{5A9FF144-23E2-463F-AF8A-4EDFAB82C7CE}.Debug|Any CPU.ActiveCfg = Debug|Any CPU
		{5A9FF144-23E2-463F-AF8A-4EDFAB82C7CE}.Debug|Any CPU.Build.0 = Debug|Any CPU
		{5A9FF144-23E2-463F-AF8A-4EDFAB82C7CE}.Release|Any CPU.ActiveCfg = Release|Any CPU
		{5A9FF144-23E2-463F-AF8A-4EDFAB82C7CE}.Release|Any CPU.Build.0 = Release|Any CPU
		{30DE4054-42F9-4C58-9D01-CBA0D46A164B}.Debug|Any CPU.ActiveCfg = Debug|Any CPU
		{30DE4054-42F9-4C58-9D01-CBA0D46A164B}.Debug|Any CPU.Build.0 = Debug|Any CPU
		{30DE4054-42F9-4C58-9D01-CBA0D46A164B}.Release|Any CPU.ActiveCfg = Release|Any CPU
		{30DE4054-42F9-4C58-9D01-CBA0D46A164B}.Release|Any CPU.Build.0 = Release|Any CPU
	EndGlobalSection
	GlobalSection(SolutionProperties) = preSolution
		HideSolutionNode = FALSE
	EndGlobalSection
	GlobalSection(NestedProjects) = preSolution
		{1A573B0B-A7AE-1DF3-982C-59640782472E} = {02EA681E-C7D8-13C7-8484-4AC65E1B71E8}
		{B39FFD5D-7BA7-18F0-8AFB-86C2EC6F1183} = {02EA681E-C7D8-13C7-8484-4AC65E1B71E8}
		{6181A16F-1E35-2B27-3058-DE8C804591A9} = {02EA681E-C7D8-13C7-8484-4AC65E1B71E8}
		{9B5363B6-1C46-C99C-84AD-44BC42178D56} = {02EA681E-C7D8-13C7-8484-4AC65E1B71E8}
		{17CA8FD6-C371-031E-157F-500CB8B611FB} = {5E8D19E7-132F-498A-9209-6BDFD0FC6B60}
		{5E8D19E7-132F-498A-9209-6BDFD0FC6B60} = {02EA681E-C7D8-13C7-8484-4AC65E1B71E8}
		{27C9E660-ABE0-4577-B636-C90F3408801B} = {536B076D-5EAD-4314-BCDC-99EC5C78D6B1}
		{3D6357B4-FC6B-4BD4-B20D-70D2496F3F40} = {536B076D-5EAD-4314-BCDC-99EC5C78D6B1}
		{09DDD975-D4C7-4C20-8E65-E12780961B25} = {536B076D-5EAD-4314-BCDC-99EC5C78D6B1}
		{CB4B6C9B-72E2-4B05-A0AB-5D12A64A1A51} = {536B076D-5EAD-4314-BCDC-99EC5C78D6B1}
		{54471F55-DDD7-4D31-82D3-BE2121ACBF6A} = {ED99F4E3-57F0-4996-8536-902FE7C555B3}
		{82315818-9B87-47FD-869B-87FACD7F0E98} = {ED99F4E3-57F0-4996-8536-902FE7C555B3}
		{E2286484-D1A2-43DC-95C2-A24578E9B818} = {82315818-9B87-47FD-869B-87FACD7F0E98}
		{B3220560-3795-4734-B99E-F7FDECBF2EFC} = {ED99F4E3-57F0-4996-8536-902FE7C555B3}
		{D9B90B63-BCA1-4AF1-9C90-6F448FB8C5EB} = {ED99F4E3-57F0-4996-8536-902FE7C555B3}
		{84F747DA-0AB7-459A-8FC1-F4573F6399FD} = {ED99F4E3-57F0-4996-8536-902FE7C555B3}
		{03A6C491-4643-4715-8FB0-8D3BBEB4BD8A} = {DA41BF2E-1F07-4DBD-822B-24CFFA1F4104}
		{57D92403-96E8-4668-A985-A95EF9943EA6} = {DA41BF2E-1F07-4DBD-822B-24CFFA1F4104}
		{6E6C9E61-00CC-4C8E-8954-4F85E36A811B} = {DA41BF2E-1F07-4DBD-822B-24CFFA1F4104}
		{7E3973B9-6435-4B06-AE32-C8048BD2BC5C} = {D00280FC-F6DD-458A-A9C0-A41FB631B57D}
		{7B7F0ABF-9C49-47E5-8E45-9F1C25EF8E86} = {D00280FC-F6DD-458A-A9C0-A41FB631B57D}
		{82FE4618-2B64-4A97-9BEB-1C194BA245E3} = {D00280FC-F6DD-458A-A9C0-A41FB631B57D}
		{5A9FF144-23E2-463F-AF8A-4EDFAB82C7CE} = {D00280FC-F6DD-458A-A9C0-A41FB631B57D}
		{30DE4054-42F9-4C58-9D01-CBA0D46A164B} = {9EDB9FDE-5356-472A-8930-6328425D72DD}
	EndGlobalSection
	GlobalSection(ExtensibilityGlobals) = postSolution
		SolutionGuid = {1BCD56F0-98C0-4AB6-A596-4EA261D31C8D}
	EndGlobalSection
EndGlobal
